
Microsoft Visual Studio Solution File, Format Version 12.00
# Visual Studio Version 17
VisualStudioVersion = 17.9.34728.123
MinimumVisualStudioVersion = 10.0.40219.1
Project("{9A19103F-16F7-4668-BE54-9A1E7A4F7556}") = "FastToHtml.Net.Console", "FastToHtml.Net.Console\FastToHtml.Net.Console.csproj", "{0194F523-B268-4AC8-B403-CFA57647F0E9}"
EndProject
Project("{FAE04EC0-301F-11D3-BF4B-00C04F79EFBC}") = "FastToHtml.Net", "FastToHtml.Net\FastToHtml.Net.csproj", "{2F0CE95D-FB99-4A16-91C0-EA2D0486B3E4}"
EndProject
Global
	GlobalSection(SolutionConfigurationPlatforms) = preSolution
		Debug|Any CPU = Debug|Any CPU
		Release|Any CPU = Release|Any CPU
	EndGlobalSection
	GlobalSection(ProjectConfigurationPlatforms) = postSolution
		{0194F523-B268-4AC8-B403-CFA57647F0E9}.Debug|Any CPU.ActiveCfg = Debug|Any CPU
		{0194F523-B268-4AC8-B403-CFA57647F0E9}.Debug|Any CPU.Build.0 = Debug|Any CPU
		{0194F523-B268-4AC8-B403-CFA57647F0E9}.Release|Any CPU.ActiveCfg = Release|Any CPU
		{0194F523-B268-4AC8-B403-CFA57647F0E9}.Release|Any CPU.Build.0 = Release|Any CPU
		{2F0CE95D-FB99-4A16-91C0-EA2D0486B3E4}.Debug|Any CPU.ActiveCfg = Debug|Any CPU
		{2F0CE95D-FB99-4A16-91C0-EA2D0486B3E4}.Debug|Any CPU.Build.0 = Debug|Any CPU
		{2F0CE95D-FB99-4A16-91C0-EA2D0486B3E4}.Release|Any CPU.ActiveCfg = Release|Any CPU
		{2F0CE95D-FB99-4A16-91C0-EA2D0486B3E4}.Release|Any CPU.Build.0 = Release|Any CPU
	EndGlobalSection
	GlobalSection(SolutionProperties) = preSolution
		HideSolutionNode = FALSE
	EndGlobalSection
	GlobalSection(ExtensibilityGlobals) = postSolution
		SolutionGuid = {57D609C2-B6E9-4E66-A30F-E89A9CFA1FE4}
	EndGlobalSection
EndGlobal
